{
  "name": "slickgrid2",
  "version": "16.0.10",
  "lockfileVersion": 1,
  "requires": true,
  "dependencies": {
    "@bcherny/jquery.threedubmedia": {
      "version": "1.0.0",
      "resolved": "https://registry.npmjs.org/@bcherny/jquery.threedubmedia/-/jquery.threedubmedia-1.0.0.tgz",
      "integrity": "sha1-cknglR9DuHy3ppMqI5Jq4Gagxdw="
    },
    "@types/jquery": {
      "version": "2.0.47",
      "resolved": "https://registry.npmjs.org/@types/jquery/-/jquery-2.0.47.tgz",
      "integrity": "sha512-5bidBzyNZ5euxwRjN0UsGsnmCXb6yuNAQkJceJ00Qq7uVLAZ442gJ2I0h56wGfRpIcZyY2wPV103Zq9IMnkjkg==",
      "dev": true
    },
    "@types/lodash": {
      "version": "4.14.66",
      "resolved": "https://registry.npmjs.org/@types/lodash/-/lodash-4.14.66.tgz",
      "integrity": "sha512-LpGSiIy5/utq8AT2bSXGnENnS1kCZJ1m84L1yqKst2UehSZe6VWROmiysYg/lLJR6zu2ooeVoQtkUHToA+mEtQ==",
      "dev": true
    },
    "antiscroll": {
      "version": "1.0.0",
      "resolved": "https://registry.npmjs.org/antiscroll/-/antiscroll-1.0.0.tgz",
      "integrity": "sha1-XSX9irxuYET9O/5BvuFLKEYnJZE="
    },
    "jquery": {
      "version": "3.5.0",
      "resolved": "https://registry.npmjs.org/jquery/-/jquery-3.5.0.tgz",
      "integrity": "sha512-Xb7SVYMvygPxbFMpTFQiHh1J7HClEaThguL15N/Gg37Lri/qKyhRGZYzHRyLH8Stq3Aow0LsHO2O2ci86fCrNQ=="
    },
    "jquery-sparkline": {
      "version": "2.4.0",
      "resolved": "https://registry.npmjs.org/jquery-sparkline/-/jquery-sparkline-2.4.0.tgz",
      "integrity": "sha1-G+i3twTdOFcVJwiu+x1KSzpp+zM=",
      "dev": true
    },
    "jquery-ui-dist": {
      "version": "1.12.1",
      "resolved": "https://registry.npmjs.org/jquery-ui-dist/-/jquery-ui-dist-1.12.1.tgz",
      "integrity": "sha1-XAgV08xvkP9fqvWyaKbiO0ypBPo=",
      "dev": true
    },
    "lodash": {
      "version": "4.17.4",
      "resolved": "https://registry.npmjs.org/lodash/-/lodash-4.17.4.tgz",
      "integrity": "sha1-eCA6TRwyiuHYbcpkYONptX9AVa4="
    },
    "node-sass": {
      "version": "4.5.3",
      "resolved": "https://registry.npmjs.org/node-sass/-/node-sass-4.5.3.tgz",
      "integrity": "sha1-0JydEXlkEjnRuX/8YjH9zsU+FWg=",
      "dev": true
    },
    "npm-run-all": {
      "version": "4.0.2",
      "resolved": "https://registry.npmjs.org/npm-run-all/-/npm-run-all-4.0.2.tgz",
      "integrity": "sha1-qEZpNI5ttsy+BSIAtM22v+A0pP4=",
      "dev": true,
      "dependencies": {
        "cross-spawn": {
          "version": "5.1.0",
          "resolved": "https://registry.npmjs.org/cross-spawn/-/cross-spawn-5.1.0.tgz",
          "integrity": "sha1-6L0O/uWPz/b4+UUQoKVUu/ojVEk="
        },
        "load-json-file": {
          "version": "2.0.0",
          "resolved": "https://registry.npmjs.org/load-json-file/-/load-json-file-2.0.0.tgz",
          "integrity": "sha1-eUfkIUmvgNaWy/eXvKq8/h/inKg="
        },
        "path-type": {
          "version": "2.0.0",
          "resolved": "https://registry.npmjs.org/path-type/-/path-type-2.0.0.tgz",
          "integrity": "sha1-8BLMuEFbcJb8LaoQVMPXI4lZTHM="
        },
        "read-pkg": {
          "version": "2.0.0",
          "resolved": "https://registry.npmjs.org/read-pkg/-/read-pkg-2.0.0.tgz",
          "integrity": "sha1-jvHAYjxqbbDcZxPEv6xGMysjaPg="
        },
        "strip-bom": {
          "version": "3.0.0",
          "resolved": "https://registry.npmjs.org/strip-bom/-/strip-bom-3.0.0.tgz",
          "integrity": "sha1-IzTBjpx1n3vdVv3vfprj1YjmjtM="
        }
      }
    },
    "rollup": {
      "version": "0.43.0",
      "resolved": "https://registry.npmjs.org/rollup/-/rollup-0.43.0.tgz",
      "integrity": "sha512-XqpEPAMHCJ4VcT95ApyGQC7MncjGcG6UtcU5geONqPfN2uAROGmJDE3cOi325S19rhklbM+BXIHNX35l+1zmAg==",
      "dev": true
    },
    "rollup-plugin-node-resolve": {
      "version": "3.0.0",
      "resolved": "https://registry.npmjs.org/rollup-plugin-node-resolve/-/rollup-plugin-node-resolve-3.0.0.tgz",
      "integrity": "sha1-i4l8TDAw1QASd7BRSyXSygloPuA=",
      "dev": true
    },
    "rollup-watch": {
      "version": "4.0.0",
      "resolved": "https://registry.npmjs.org/rollup-watch/-/rollup-watch-4.0.0.tgz",
      "integrity": "sha512-DVMpGX9J75le6FvvsvvrJKJfvSFMiY4HaeofbPfz1qCn0pS+4PsYbn3ZdTN9NJ4Y3ENe8UWfKNlALGT+srHxhA==",
      "dev": true
    },
    "tslib": {
      "version": "1.7.1",
      "resolved": "https://registry.npmjs.org/tslib/-/tslib-1.7.1.tgz",
      "integrity": "sha1-vIAEFkaRkjp5/oN4u+s9ogF1OOw="
    },
    "tslint": {
      "version": "5.4.3",
      "resolved": "https://registry.npmjs.org/tslint/-/tslint-5.4.3.tgz",
      "integrity": "sha1-dhyEArgONHt3M6BDkKdXslNYBGc=",
      "dev": true
    },
    "typescript": {
      "version": "2.3.4",
      "resolved": "https://registry.npmjs.org/typescript/-/typescript-2.3.4.tgz",
      "integrity": "sha1-PTgyGCgjHkNPKHUUlZw3qCtin0I=",
      "dev": true
    }
  }
}
